// !$*UTF8*$!
{
	archiveVersion = 1;
	classes = {
	};
	objectVersion = 46;
	objects = {

/* Begin PBXBuildFile section */
		F653F767C9FD42BBB03F1624 /* .gitignore in Sources */ = {isa = PBXBuildFile; fileRef = 0782C4EE95E2428E8512AB34 /* .gitignore */; };
		D4068B900A4D44C2B1FEA61F /* LICENSE in Sources */ = {isa = PBXBuildFile; fileRef = BBD534A1BC9542C3B58C60D6 /* LICENSE */; };
		792E071CEA064AF2A2D5B88D /* BMSCredentials.plist in Resources */ = {isa = PBXBuildFile; fileRef = BEB2D5044EA74494B60FDBE1 /* BMSCredentials.plist */; };
		555C91AC1D0F0731003E84E3 /* AppDelegate.swift in Sources */ = {isa = PBXBuildFile; fileRef = 555C91AB1D0F0731003E84E3 /* AppDelegate.swift */; };
		555C91AE1D0F0731003E84E3 /* ViewController.swift in Sources */ = {isa = PBXBuildFile; fileRef = 555C91AD1D0F0731003E84E3 /* ViewController.swift */; };
		555C91B11D0F0731003E84E3 /* Main.storyboard in Resources */ = {isa = PBXBuildFile; fileRef = 555C91AF1D0F0731003E84E3 /* Main.storyboard */; };
		555C91B31D0F0731003E84E3 /* Assets.xcassets in Resources */ = {isa = PBXBuildFile; fileRef = 555C91B21D0F0731003E84E3 /* Assets.xcassets */; };
		555C91B61D0F0731003E84E3 /* LaunchScreen.storyboard in Resources */ = {isa = PBXBuildFile; fileRef = 555C91B41D0F0731003E84E3 /* LaunchScreen.storyboard */; };
		555C91C11D0F0731003E84E3 /* MySampleAppTests.swift in Sources */ = {isa = PBXBuildFile; fileRef = 555C91C01D0F0731003E84E3 /* MySampleAppTests.swift */; };
		555C91CC1D0F0731003E84E3 /* MySampleAppUITests.swift in Sources */ = {isa = PBXBuildFile; fileRef = 555C91CB1D0F0731003E84E3 /* MySampleAppUITests.swift */; };
		873310C0C7B2ABB91C7D52FD /* Pods_MySampleAppUITests.framework in Frameworks */ = {isa = PBXBuildFile; fileRef = B4B5A393DF200730607CBCEB /* Pods_MySampleAppUITests.framework */; };
		EAD767594B197EC0EC3F0D1C /* Pods_MySampleAppTests.framework in Frameworks */ = {isa = PBXBuildFile; fileRef = 1C8444BFD52D97CDB7A1B788 /* Pods_MySampleAppTests.framework */; };
/* End PBXBuildFile section */

/* Begin PBXContainerItemProxy section */
		555C91BD1D0F0731003E84E3 /* PBXContainerItemProxy */ = {
			isa = PBXContainerItemProxy;
			containerPortal = 555C91A01D0F0731003E84E3 /* Project object */;
			proxyType = 1;
			remoteGlobalIDString = 555C91A71D0F0731003E84E3;
			remoteInfo = MySampleApp;
		};
		555C91C81D0F0731003E84E3 /* PBXContainerItemProxy */ = {
			isa = PBXContainerItemProxy;
			containerPortal = 555C91A01D0F0731003E84E3 /* Project object */;
			proxyType = 1;
			remoteGlobalIDString = 555C91A71D0F0731003E84E3;
			remoteInfo = MySampleApp;
		};
/* End PBXContainerItemProxy section */

/* Begin PBXFileReference section */
		0782C4EE95E2428E8512AB34 /* .gitignore */ = {isa = PBXFileReference; lastKnownFileType = sourcecode.swift; name = .gitignore; path = .gitignore; sourceTree = "<group>"; };
		BBD534A1BC9542C3B58C60D6 /* LICENSE */ = {isa = PBXFileReference; lastKnownFileType = sourcecode.swift; name = LICENSE; path = LICENSE; sourceTree = "<group>"; };
		BEB2D5044EA74494B60FDBE1 /* BMSCredentials.plist */ = {isa = PBXFileReference; fileEncoding = 4; lastKnownFileType = text.plist.xml; name = BMSCredentials.plist; path = BMSCredentials.plist; sourceTree = "<group>"; };
		0F10189F0EAC0D667CEB59F6 /* Pods-MySampleAppTests.release.xcconfig */ = {isa = PBXFileReference; includeInIndex = 1; lastKnownFileType = text.xcconfig; name = "Pods-MySampleAppTests.release.xcconfig"; path = "Pods/Target Support Files/Pods-MySampleAppTests/Pods-MySampleAppTests.release.xcconfig"; sourceTree = "<group>"; };
		11E82E2A01DF386A2BD70BE6 /* Pods-MySampleApp.debug.xcconfig */ = {isa = PBXFileReference; includeInIndex = 1; lastKnownFileType = text.xcconfig; name = "Pods-MySampleApp.debug.xcconfig"; path = "Pods/Target Support Files/Pods-MySampleApp/Pods-MySampleApp.debug.xcconfig"; sourceTree = "<group>"; };
		1C8444BFD52D97CDB7A1B788 /* Pods_MySampleAppTests.framework */ = {isa = PBXFileReference; explicitFileType = wrapper.framework; includeInIndex = 0; path = Pods_MySampleAppTests.framework; sourceTree = BUILT_PRODUCTS_DIR; };
		1CCAB15229E227CD9B62C913 /* Pods-MySampleApp.release.xcconfig */ = {isa = PBXFileReference; includeInIndex = 1; lastKnownFileType = text.xcconfig; name = "Pods-MySampleApp.release.xcconfig"; path = "Pods/Target Support Files/Pods-MySampleApp/Pods-MySampleApp.release.xcconfig"; sourceTree = "<group>"; };
		555C91A81D0F0731003E84E3 /* swiftmbaas.app */ = {isa = PBXFileReference; explicitFileType = wrapper.application; includeInIndex = 0; path = swiftmbaas.app; sourceTree = BUILT_PRODUCTS_DIR; };
		555C91AB1D0F0731003E84E3 /* AppDelegate.swift */ = {isa = PBXFileReference; lastKnownFileType = sourcecode.swift; path = AppDelegate.swift; sourceTree = "<group>"; };
		555C91AD1D0F0731003E84E3 /* ViewController.swift */ = {isa = PBXFileReference; lastKnownFileType = sourcecode.swift; path = ViewController.swift; sourceTree = "<group>"; };
		555C91B01D0F0731003E84E3 /* Base */ = {isa = PBXFileReference; lastKnownFileType = file.storyboard; name = Base; path = Base.lproj/Main.storyboard; sourceTree = "<group>"; };
		555C91B21D0F0731003E84E3 /* Assets.xcassets */ = {isa = PBXFileReference; lastKnownFileType = folder.assetcatalog; path = Assets.xcassets; sourceTree = "<group>"; };
		555C91B51D0F0731003E84E3 /* Base */ = {isa = PBXFileReference; lastKnownFileType = file.storyboard; name = Base; path = Base.lproj/LaunchScreen.storyboard; sourceTree = "<group>"; };
		555C91B71D0F0731003E84E3 /* Info.plist */ = {isa = PBXFileReference; lastKnownFileType = text.plist.xml; path = Info.plist; sourceTree = "<group>"; };
		555C91BC1D0F0731003E84E3 /* swiftmbaasTests.xctest */ = {isa = PBXFileReference; explicitFileType = wrapper.cfbundle; includeInIndex = 0; path = swiftmbaasTests.xctest; sourceTree = BUILT_PRODUCTS_DIR; };
		555C91C01D0F0731003E84E3 /* MySampleAppTests.swift */ = {isa = PBXFileReference; lastKnownFileType = sourcecode.swift; path = MySampleAppTests.swift; sourceTree = "<group>"; };
		555C91C21D0F0731003E84E3 /* Info.plist */ = {isa = PBXFileReference; lastKnownFileType = text.plist.xml; path = Info.plist; sourceTree = "<group>"; };
		555C91C71D0F0731003E84E3 /* swiftmbaasUITests.xctest */ = {isa = PBXFileReference; explicitFileType = wrapper.cfbundle; includeInIndex = 0; path = swiftmbaasUITests.xctest; sourceTree = BUILT_PRODUCTS_DIR; };
		555C91CB1D0F0731003E84E3 /* MySampleAppUITests.swift */ = {isa = PBXFileReference; lastKnownFileType = sourcecode.swift; path = MySampleAppUITests.swift; sourceTree = "<group>"; };
		555C91CD1D0F0731003E84E3 /* Info.plist */ = {isa = PBXFileReference; lastKnownFileType = text.plist.xml; path = Info.plist; sourceTree = "<group>"; };
		6079FEEC33F8145DDDA4A629 /* Pods-MySampleAppTests.debug.xcconfig */ = {isa = PBXFileReference; includeInIndex = 1; lastKnownFileType = text.xcconfig; name = "Pods-MySampleAppTests.debug.xcconfig"; path = "Pods/Target Support Files/Pods-MySampleAppTests/Pods-MySampleAppTests.debug.xcconfig"; sourceTree = "<group>"; };
		81F0A538FA2D46C0292F70E6 /* Pods-MySampleAppUITests.debug.xcconfig */ = {isa = PBXFileReference; includeInIndex = 1; lastKnownFileType = text.xcconfig; name = "Pods-MySampleAppUITests.debug.xcconfig"; path = "Pods/Target Support Files/Pods-MySampleAppUITests/Pods-MySampleAppUITests.debug.xcconfig"; sourceTree = "<group>"; };
		9055531899FF137C2C228D44 /* Pods-MySampleAppUITests.release.xcconfig */ = {isa = PBXFileReference; includeInIndex = 1; lastKnownFileType = text.xcconfig; name = "Pods-MySampleAppUITests.release.xcconfig"; path = "Pods/Target Support Files/Pods-MySampleAppUITests/Pods-MySampleAppUITests.release.xcconfig"; sourceTree = "<group>"; };
		B4B5A393DF200730607CBCEB /* Pods_MySampleAppUITests.framework */ = {isa = PBXFileReference; explicitFileType = wrapper.framework; includeInIndex = 0; path = Pods_MySampleAppUITests.framework; sourceTree = BUILT_PRODUCTS_DIR; };
		C588E03443573F2DDF2BE953 /* Pods_MySampleApp.framework */ = {isa = PBXFileReference; explicitFileType = wrapper.framework; includeInIndex = 0; path = Pods_MySampleApp.framework; sourceTree = BUILT_PRODUCTS_DIR; };
/* End PBXFileReference section */

/* Begin PBXFrameworksBuildPhase section */
		555C91A51D0F0731003E84E3 /* Frameworks */ = {
			isa = PBXFrameworksBuildPhase;
			buildActionMask = 2147483647;
			files = (
			);
			runOnlyForDeploymentPostprocessing = 0;
		};
		555C91B91D0F0731003E84E3 /* Frameworks */ = {
			isa = PBXFrameworksBuildPhase;
			buildActionMask = 2147483647;
			files = (
				EAD767594B197EC0EC3F0D1C /* Pods_MySampleAppTests.framework in Frameworks */,
			);
			runOnlyForDeploymentPostprocessing = 0;
		};
		555C91C41D0F0731003E84E3 /* Frameworks */ = {
			isa = PBXFrameworksBuildPhase;
			buildActionMask = 2147483647;
			files = (
				873310C0C7B2ABB91C7D52FD /* Pods_MySampleAppUITests.framework in Frameworks */,
			);
			runOnlyForDeploymentPostprocessing = 0;
		};
/* End PBXFrameworksBuildPhase section */

/* Begin PBXGroup section */
		545C9DD4D3D79A706E9BC9CE /* Frameworks */ = {
			isa = PBXGroup;
			children = (
				C588E03443573F2DDF2BE953 /* Pods_MySampleApp.framework */,
				1C8444BFD52D97CDB7A1B788 /* Pods_MySampleAppTests.framework */,
				B4B5A393DF200730607CBCEB /* Pods_MySampleAppUITests.framework */,
			);
			name = Frameworks;
			sourceTree = "<group>";
		};
		555C919F1D0F0731003E84E3 = {
			isa = PBXGroup;
			children = (
				555C91AA1D0F0731003E84E3 /* swiftmbaas */,
				555C91BF1D0F0731003E84E3 /* swiftmbaasTests */,
				555C91CA1D0F0731003E84E3 /* swiftmbaasUITests */,
				555C91A91D0F0731003E84E3 /* Products */,
				A4160B77D037FA5B9F790955 /* Pods */,
				545C9DD4D3D79A706E9BC9CE /* Frameworks */,
			);
			sourceTree = "<group>";
		};
		555C91A91D0F0731003E84E3 /* Products */ = {
			isa = PBXGroup;
			children = (
				555C91A81D0F0731003E84E3 /* swiftmbaas.app */,
				555C91BC1D0F0731003E84E3 /* swiftmbaasTests.xctest */,
				555C91C71D0F0731003E84E3 /* swiftmbaasUITests.xctest */,
			);
			name = Products;
			sourceTree = "<group>";
		};
		555C91AA1D0F0731003E84E3 /* swiftmbaas */ = {
			isa = PBXGroup;
			children = (
				BEB2D5044EA74494B60FDBE1 /* BMSCredentials.plist */,
				555C91AB1D0F0731003E84E3 /* AppDelegate.swift */,
				555C91AD1D0F0731003E84E3 /* ViewController.swift */,
				555C91AF1D0F0731003E84E3 /* Main.storyboard */,
				555C91B21D0F0731003E84E3 /* Assets.xcassets */,
				555C91B41D0F0731003E84E3 /* LaunchScreen.storyboard */,
				555C91B71D0F0731003E84E3 /* Info.plist */,
			);
			path = swiftmbaas;
			sourceTree = "<group>";
		};
		555C91BF1D0F0731003E84E3 /* swiftmbaasTests */ = {
			isa = PBXGroup;
			children = (
				555C91C01D0F0731003E84E3 /* MySampleAppTests.swift */,
				555C91C21D0F0731003E84E3 /* Info.plist */,
			);
			path = swiftmbaasTests;
			sourceTree = "<group>";
		};
		555C91CA1D0F0731003E84E3 /* swiftmbaasUITests */ = {
			isa = PBXGroup;
			children = (
				555C91CB1D0F0731003E84E3 /* MySampleAppUITests.swift */,
				555C91CD1D0F0731003E84E3 /* Info.plist */,
			);
			path = swiftmbaasUITests;
			sourceTree = "<group>";
		};
		A4160B77D037FA5B9F790955 /* Pods */ = {
			isa = PBXGroup;
			children = (
				11E82E2A01DF386A2BD70BE6 /* Pods-MySampleApp.debug.xcconfig */,
				1CCAB15229E227CD9B62C913 /* Pods-MySampleApp.release.xcconfig */,
				6079FEEC33F8145DDDA4A629 /* Pods-MySampleAppTests.debug.xcconfig */,
				0F10189F0EAC0D667CEB59F6 /* Pods-MySampleAppTests.release.xcconfig */,
				81F0A538FA2D46C0292F70E6 /* Pods-MySampleAppUITests.debug.xcconfig */,
				9055531899FF137C2C228D44 /* Pods-MySampleAppUITests.release.xcconfig */,
			);
			name = Pods;
			sourceTree = "<group>";
		};
/* End PBXGroup section */

/* Begin PBXNativeTarget section */
		555C91A71D0F0731003E84E3 /* swiftmbaas */ = {
			isa = PBXNativeTarget;
			buildConfigurationList = 555C91D01D0F0731003E84E3 /* Build configuration list for PBXNativeTarget "swiftmbaas" */;
			buildPhases = (
				BD0D188E949776A82C19245E /* [CP] Check Pods Manifest.lock */,
				555C91A41D0F0731003E84E3 /* Sources */,
				555C91A51D0F0731003E84E3 /* Frameworks */,
				555C91A61D0F0731003E84E3 /* Resources */,
				96F61E8A67B8846FFF41ECA1 /* [CP] Embed Pods Frameworks */,
				53465CD7E09E7EF2B2E76AD2 /* [CP] Copy Pods Resources */,
			);
			buildRules = (
			);
			dependencies = (
			);
			name = swiftmbaas;
			productName = MySampleApp;
			productReference = 555C91A81D0F0731003E84E3 /* swiftmbaas.app */;
			productType = "com.apple.product-type.application";
		};
		555C91BB1D0F0731003E84E3 /* swiftmbaasTests */ = {
			isa = PBXNativeTarget;
			buildConfigurationList = 555C91D31D0F0731003E84E3 /* Build configuration list for PBXNativeTarget "swiftmbaasTests" */;
			buildPhases = (
				EB6F4C6CA3D160FAF0D6AA14 /* [CP] Check Pods Manifest.lock */,
				555C91B81D0F0731003E84E3 /* Sources */,
				555C91B91D0F0731003E84E3 /* Frameworks */,
				555C91BA1D0F0731003E84E3 /* Resources */,
				1463C11E27DCDE30305FFF3F /* [CP] Embed Pods Frameworks */,
				53959B35EF7579DB2FC56E03 /* [CP] Copy Pods Resources */,
			);
			buildRules = (
			);
			dependencies = (
				555C91BE1D0F0731003E84E3 /* PBXTargetDependency */,
			);
			name = swiftmbaasTests;
			productName = MySampleAppTests;
			productReference = 555C91BC1D0F0731003E84E3 /* swiftmbaasTests.xctest */;
			productType = "com.apple.product-type.bundle.unit-test";
		};
		555C91C61D0F0731003E84E3 /* swiftmbaasUITests */ = {
			isa = PBXNativeTarget;
			buildConfigurationList = 555C91D61D0F0731003E84E3 /* Build configuration list for PBXNativeTarget "swiftmbaasUITests" */;
			buildPhases = (
				3F8FB89FCFF8F631B2C8280D /* [CP] Check Pods Manifest.lock */,
				555C91C31D0F0731003E84E3 /* Sources */,
				555C91C41D0F0731003E84E3 /* Frameworks */,
				555C91C51D0F0731003E84E3 /* Resources */,
				DF202F37B6B565F58EE7D3B5 /* [CP] Embed Pods Frameworks */,
				753753683260308863BCB085 /* [CP] Copy Pods Resources */,
			);
			buildRules = (
			);
			dependencies = (
				555C91C91D0F0731003E84E3 /* PBXTargetDependency */,
			);
			name = swiftmbaasUITests;
			productName = MySampleAppUITests;
			productReference = 555C91C71D0F0731003E84E3 /* swiftmbaasUITests.xctest */;
			productType = "com.apple.product-type.bundle.ui-testing";
		};
/* End PBXNativeTarget section */

/* Begin PBXProject section */
		555C91A01D0F0731003E84E3 /* Project object */ = {
			isa = PBXProject;
			attributes = {
				LastSwiftUpdateCheck = 0730;
				LastUpgradeCheck = 0730;
				ORGANIZATIONNAME = IBM;
				TargetAttributes = {
					555C91A71D0F0731003E84E3 = {
						CreatedOnToolsVersion = 7.3.1;
						LastSwiftMigration = 0800;
					};
					555C91BB1D0F0731003E84E3 = {
						CreatedOnToolsVersion = 7.3.1;
						LastSwiftMigration = 0800;
						TestTargetID = 555C91A71D0F0731003E84E3;
					};
					555C91C61D0F0731003E84E3 = {
						CreatedOnToolsVersion = 7.3.1;
						LastSwiftMigration = 0800;
						TestTargetID = 555C91A71D0F0731003E84E3;
					};
				};
			};
			buildConfigurationList = 555C91A31D0F0731003E84E3 /* Build configuration list for PBXProject "swiftmbaas" */;
			compatibilityVersion = "Xcode 3.2";
			developmentRegion = English;
			hasScannedForEncodings = 0;
			knownRegions = (
				en,
				Base,
			);
			mainGroup = 555C919F1D0F0731003E84E3;
			productRefGroup = 555C91A91D0F0731003E84E3 /* Products */;
			projectDirPath = "";
			projectRoot = "";
			targets = (
				555C91A71D0F0731003E84E3 /* swiftmbaas */,
				555C91BB1D0F0731003E84E3 /* swiftmbaasTests */,
				555C91C61D0F0731003E84E3 /* swiftmbaasUITests */,
			);
		};
/* End PBXProject section */

/* Begin PBXResourcesBuildPhase section */
		555C91A61D0F0731003E84E3 /* Resources */ = {
			isa = PBXResourcesBuildPhase;
			buildActionMask = 2147483647;
			files = (
				792E071CEA064AF2A2D5B88D /* BMSCredentials.plist in Resources */,
				555C91B61D0F0731003E84E3 /* LaunchScreen.storyboard in Resources */,
				555C91B31D0F0731003E84E3 /* Assets.xcassets in Resources */,
				555C91B11D0F0731003E84E3 /* Main.storyboard in Resources */,
			);
			runOnlyForDeploymentPostprocessing = 0;
		};
		555C91BA1D0F0731003E84E3 /* Resources */ = {
			isa = PBXResourcesBuildPhase;
			buildActionMask = 2147483647;
			files = (
			);
			runOnlyForDeploymentPostprocessing = 0;
		};
		555C91C51D0F0731003E84E3 /* Resources */ = {
			isa = PBXResourcesBuildPhase;
			buildActionMask = 2147483647;
			files = (
			);
			runOnlyForDeploymentPostprocessing = 0;
		};
/* End PBXResourcesBuildPhase section */

/* Begin PBXShellScriptBuildPhase section */
		1463C11E27DCDE30305FFF3F /* [CP] Embed Pods Frameworks */ = {
			isa = PBXShellScriptBuildPhase;
			buildActionMask = 2147483647;
			files = (
			);
			inputPaths = (
			);
			name = "[CP] Embed Pods Frameworks";
			outputPaths = (
			);
			runOnlyForDeploymentPostprocessing = 0;
			shellPath = /bin/sh;
			shellScript = "\"${SRCROOT}/Pods/Target Support Files/Pods-MySampleAppTests/Pods-MySampleAppTests-frameworks.sh\"\n";
			showEnvVarsInLog = 0;
		};
		3F8FB89FCFF8F631B2C8280D /* [CP] Check Pods Manifest.lock */ = {
			isa = PBXShellScriptBuildPhase;
			buildActionMask = 2147483647;
			files = (
			);
			inputPaths = (
			);
			name = "[CP] Check Pods Manifest.lock";
			outputPaths = (
			);
			runOnlyForDeploymentPostprocessing = 0;
			shellPath = /bin/sh;
			shellScript = "diff \"${PODS_ROOT}/../Podfile.lock\" \"${PODS_ROOT}/Manifest.lock\" > /dev/null\nif [ $? != 0 ] ; then\n    # print error to STDERR\n    echo \"error: The sandbox is not in sync with the Podfile.lock. Run 'pod install' or update your CocoaPods installation.\" >&2\n    exit 1\nfi\n";
			showEnvVarsInLog = 0;
		};
		53465CD7E09E7EF2B2E76AD2 /* [CP] Copy Pods Resources */ = {
			isa = PBXShellScriptBuildPhase;
			buildActionMask = 2147483647;
			files = (
			);
			inputPaths = (
			);
			name = "[CP] Copy Pods Resources";
			outputPaths = (
			);
			runOnlyForDeploymentPostprocessing = 0;
			shellPath = /bin/sh;
			shellScript = "\"${SRCROOT}/Pods/Target Support Files/Pods-MySampleApp/Pods-MySampleApp-resources.sh\"\n";
			showEnvVarsInLog = 0;
		};
		53959B35EF7579DB2FC56E03 /* [CP] Copy Pods Resources */ = {
			isa = PBXShellScriptBuildPhase;
			buildActionMask = 2147483647;
			files = (
			);
			inputPaths = (
			);
			name = "[CP] Copy Pods Resources";
			outputPaths = (
			);
			runOnlyForDeploymentPostprocessing = 0;
			shellPath = /bin/sh;
			shellScript = "\"${SRCROOT}/Pods/Target Support Files/Pods-MySampleAppTests/Pods-MySampleAppTests-resources.sh\"\n";
			showEnvVarsInLog = 0;
		};
		753753683260308863BCB085 /* [CP] Copy Pods Resources */ = {
			isa = PBXShellScriptBuildPhase;
			buildActionMask = 2147483647;
			files = (
			);
			inputPaths = (
			);
			name = "[CP] Copy Pods Resources";
			outputPaths = (
			);
			runOnlyForDeploymentPostprocessing = 0;
			shellPath = /bin/sh;
			shellScript = "\"${SRCROOT}/Pods/Target Support Files/Pods-MySampleAppUITests/Pods-MySampleAppUITests-resources.sh\"\n";
			showEnvVarsInLog = 0;
		};
		96F61E8A67B8846FFF41ECA1 /* [CP] Embed Pods Frameworks */ = {
			isa = PBXShellScriptBuildPhase;
			buildActionMask = 2147483647;
			files = (
			);
			inputPaths = (
			);
			name = "[CP] Embed Pods Frameworks";
			outputPaths = (
			);
			runOnlyForDeploymentPostprocessing = 0;
			shellPath = /bin/sh;
			shellScript = "\"${SRCROOT}/Pods/Target Support Files/Pods-MySampleApp/Pods-MySampleApp-frameworks.sh\"\n";
			showEnvVarsInLog = 0;
		};
		BD0D188E949776A82C19245E /* [CP] Check Pods Manifest.lock */ = {
			isa = PBXShellScriptBuildPhase;
			buildActionMask = 2147483647;
			files = (
			);
			inputPaths = (
			);
			name = "[CP] Check Pods Manifest.lock";
			outputPaths = (
			);
			runOnlyForDeploymentPostprocessing = 0;
			shellPath = /bin/sh;
			shellScript = "diff \"${PODS_ROOT}/../Podfile.lock\" \"${PODS_ROOT}/Manifest.lock\" > /dev/null\nif [ $? != 0 ] ; then\n    # print error to STDERR\n    echo \"error: The sandbox is not in sync with the Podfile.lock. Run 'pod install' or update your CocoaPods installation.\" >&2\n    exit 1\nfi\n";
			showEnvVarsInLog = 0;
		};
		DF202F37B6B565F58EE7D3B5 /* [CP] Embed Pods Frameworks */ = {
			isa = PBXShellScriptBuildPhase;
			buildActionMask = 2147483647;
			files = (
			);
			inputPaths = (
			);
			name = "[CP] Embed Pods Frameworks";
			outputPaths = (
			);
			runOnlyForDeploymentPostprocessing = 0;
			shellPath = /bin/sh;
			shellScript = "\"${SRCROOT}/Pods/Target Support Files/Pods-MySampleAppUITests/Pods-MySampleAppUITests-frameworks.sh\"\n";
			showEnvVarsInLog = 0;
		};
		EB6F4C6CA3D160FAF0D6AA14 /* [CP] Check Pods Manifest.lock */ = {
			isa = PBXShellScriptBuildPhase;
			buildActionMask = 2147483647;
			files = (
			);
			inputPaths = (
			);
			name = "[CP] Check Pods Manifest.lock";
			outputPaths = (
			);
			runOnlyForDeploymentPostprocessing = 0;
			shellPath = /bin/sh;
			shellScript = "diff \"${PODS_ROOT}/../Podfile.lock\" \"${PODS_ROOT}/Manifest.lock\" > /dev/null\nif [ $? != 0 ] ; then\n    # print error to STDERR\n    echo \"error: The sandbox is not in sync with the Podfile.lock. Run 'pod install' or update your CocoaPods installation.\" >&2\n    exit 1\nfi\n";
			showEnvVarsInLog = 0;
		};
/* End PBXShellScriptBuildPhase section */

/* Begin PBXSourcesBuildPhase section */
		555C91A41D0F0731003E84E3 /* Sources */ = {
			isa = PBXSourcesBuildPhase;
			buildActionMask = 2147483647;
			files = (
				555C91AE1D0F0731003E84E3 /* ViewController.swift in Sources */,
				555C91AC1D0F0731003E84E3 /* AppDelegate.swift in Sources */,
			);
			runOnlyForDeploymentPostprocessing = 0;
		};
		555C91B81D0F0731003E84E3 /* Sources */ = {
			isa = PBXSourcesBuildPhase;
			buildActionMask = 2147483647;
			files = (
				555C91C11D0F0731003E84E3 /* MySampleAppTests.swift in Sources */,
			);
			runOnlyForDeploymentPostprocessing = 0;
		};
		555C91C31D0F0731003E84E3 /* Sources */ = {
			isa = PBXSourcesBuildPhase;
			buildActionMask = 2147483647;
			files = (
				555C91CC1D0F0731003E84E3 /* MySampleAppUITests.swift in Sources */,
			);
			runOnlyForDeploymentPostprocessing = 0;
		};
/* End PBXSourcesBuildPhase section */

/* Begin PBXTargetDependency section */
		555C91BE1D0F0731003E84E3 /* PBXTargetDependency */ = {
			isa = PBXTargetDependency;
			target = 555C91A71D0F0731003E84E3 /* swiftmbaas */;
			targetProxy = 555C91BD1D0F0731003E84E3 /* PBXContainerItemProxy */;
		};
		555C91C91D0F0731003E84E3 /* PBXTargetDependency */ = {
			isa = PBXTargetDependency;
			target = 555C91A71D0F0731003E84E3 /* swiftmbaas */;
			targetProxy = 555C91C81D0F0731003E84E3 /* PBXContainerItemProxy */;
		};
/* End PBXTargetDependency section */

/* Begin PBXVariantGroup section */
		555C91AF1D0F0731003E84E3 /* Main.storyboard */ = {
			isa = PBXVariantGroup;
			children = (
				555C91B01D0F0731003E84E3 /* Base */,
			);
			name = Main.storyboard;
			sourceTree = "<group>";
		};
		555C91B41D0F0731003E84E3 /* LaunchScreen.storyboard */ = {
			isa = PBXVariantGroup;
			children = (
				555C91B51D0F0731003E84E3 /* Base */,
			);
			name = LaunchScreen.storyboard;
			sourceTree = "<group>";
		};
/* End PBXVariantGroup section */

/* Begin XCBuildConfiguration section */
		555C91CE1D0F0731003E84E3 /* Debug */ = {
			isa = XCBuildConfiguration;
			buildSettings = {
				ALWAYS_SEARCH_USER_PATHS = NO;
				CLANG_ANALYZER_NONNULL = YES;
				CLANG_CXX_LANGUAGE_STANDARD = "gnu++0x";
				CLANG_CXX_LIBRARY = "libc++";
				CLANG_ENABLE_MODULES = YES;
				CLANG_ENABLE_OBJC_ARC = YES;
				CLANG_WARN_BOOL_CONVERSION = YES;
				CLANG_WARN_CONSTANT_CONVERSION = YES;
				CLANG_WARN_DIRECT_OBJC_ISA_USAGE = YES_ERROR;
				CLANG_WARN_EMPTY_BODY = YES;
				CLANG_WARN_ENUM_CONVERSION = YES;
				CLANG_WARN_INT_CONVERSION = YES;
				CLANG_WARN_OBJC_ROOT_CLASS = YES_ERROR;
				CLANG_WARN_UNREACHABLE_CODE = YES;
				CLANG_WARN__DUPLICATE_METHOD_MATCH = YES;
				"CODE_SIGN_IDENTITY[sdk=iphoneos*]" = "iPhone Developer";
				COPY_PHASE_STRIP = NO;
				DEBUG_INFORMATION_FORMAT = dwarf;
				ENABLE_STRICT_OBJC_MSGSEND = YES;
				ENABLE_TESTABILITY = YES;
				GCC_C_LANGUAGE_STANDARD = gnu99;
				GCC_DYNAMIC_NO_PIC = NO;
				GCC_NO_COMMON_BLOCKS = YES;
				GCC_OPTIMIZATION_LEVEL = 0;
				GCC_PREPROCESSOR_DEFINITIONS = (
					"DEBUG=1",
					"$(inherited)",
				);
				GCC_WARN_64_TO_32_BIT_CONVERSION = YES;
				GCC_WARN_ABOUT_RETURN_TYPE = YES_ERROR;
				GCC_WARN_UNDECLARED_SELECTOR = YES;
				GCC_WARN_UNINITIALIZED_AUTOS = YES_AGGRESSIVE;
				GCC_WARN_UNUSED_FUNCTION = YES;
				GCC_WARN_UNUSED_VARIABLE = YES;
				IPHONEOS_DEPLOYMENT_TARGET = 9.3;
				MTL_ENABLE_DEBUG_INFO = YES;
				ONLY_ACTIVE_ARCH = YES;
				SDKROOT = iphoneos;
				SWIFT_OPTIMIZATION_LEVEL = "-Onone";
				TARGETED_DEVICE_FAMILY = "1,2";
			};
			name = Debug;
		};
		555C91CF1D0F0731003E84E3 /* Release */ = {
			isa = XCBuildConfiguration;
			buildSettings = {
				ALWAYS_SEARCH_USER_PATHS = NO;
				CLANG_ANALYZER_NONNULL = YES;
				CLANG_CXX_LANGUAGE_STANDARD = "gnu++0x";
				CLANG_CXX_LIBRARY = "libc++";
				CLANG_ENABLE_MODULES = YES;
				CLANG_ENABLE_OBJC_ARC = YES;
				CLANG_WARN_BOOL_CONVERSION = YES;
				CLANG_WARN_CONSTANT_CONVERSION = YES;
				CLANG_WARN_DIRECT_OBJC_ISA_USAGE = YES_ERROR;
				CLANG_WARN_EMPTY_BODY = YES;
				CLANG_WARN_ENUM_CONVERSION = YES;
				CLANG_WARN_INT_CONVERSION = YES;
				CLANG_WARN_OBJC_ROOT_CLASS = YES_ERROR;
				CLANG_WARN_UNREACHABLE_CODE = YES;
				CLANG_WARN__DUPLICATE_METHOD_MATCH = YES;
				"CODE_SIGN_IDENTITY[sdk=iphoneos*]" = "iPhone Developer";
				COPY_PHASE_STRIP = NO;
				DEBUG_INFORMATION_FORMAT = "dwarf-with-dsym";
				ENABLE_NS_ASSERTIONS = NO;
				ENABLE_STRICT_OBJC_MSGSEND = YES;
				GCC_C_LANGUAGE_STANDARD = gnu99;
				GCC_NO_COMMON_BLOCKS = YES;
				GCC_WARN_64_TO_32_BIT_CONVERSION = YES;
				GCC_WARN_ABOUT_RETURN_TYPE = YES_ERROR;
				GCC_WARN_UNDECLARED_SELECTOR = YES;
				GCC_WARN_UNINITIALIZED_AUTOS = YES_AGGRESSIVE;
				GCC_WARN_UNUSED_FUNCTION = YES;
				GCC_WARN_UNUSED_VARIABLE = YES;
				IPHONEOS_DEPLOYMENT_TARGET = 9.3;
				MTL_ENABLE_DEBUG_INFO = NO;
				SDKROOT = iphoneos;
				TARGETED_DEVICE_FAMILY = "1,2";
				VALIDATE_PRODUCT = YES;
			};
			name = Release;
		};
		555C91D11D0F0731003E84E3 /* Debug */ = {
			isa = XCBuildConfiguration;
			baseConfigurationReference = 11E82E2A01DF386A2BD70BE6 /* Pods-MySampleApp.debug.xcconfig */;
			buildSettings = {
				ASSETCATALOG_COMPILER_APPICON_NAME = AppIcon;
				INFOPLIST_FILE = "$(SRCROOT)/swiftmbaas/Info.plist";
				IPHONEOS_DEPLOYMENT_TARGET = 10.0;
				LD_RUNPATH_SEARCH_PATHS = "$(inherited) @executable_path/Frameworks";
				ENABLE_BITCODE = NO;
				PRODUCT_BUNDLE_IDENTIFIER = com.ibm.MySampleApp;
				PRODUCT_NAME = "$(TARGET_NAME)";
				SWIFT_VERSION = 3.0;
			};
			name = Debug;
		};
		555C91D21D0F0731003E84E3 /* Release */ = {
			isa = XCBuildConfiguration;
			baseConfigurationReference = 1CCAB15229E227CD9B62C913 /* Pods-MySampleApp.release.xcconfig */;
			buildSettings = {
				ASSETCATALOG_COMPILER_APPICON_NAME = AppIcon;
				INFOPLIST_FILE = "$(SRCROOT)/swiftmbaas/Info.plist";
				IPHONEOS_DEPLOYMENT_TARGET = 10.0;
				LD_RUNPATH_SEARCH_PATHS = "$(inherited) @executable_path/Frameworks";
				ENABLE_BITCODE = NO;
				PRODUCT_BUNDLE_IDENTIFIER = com.ibm.MySampleApp;
				PRODUCT_NAME = "$(TARGET_NAME)";
				SWIFT_VERSION = 3.0;
			};
			name = Release;
		};
		555C91D41D0F0731003E84E3 /* Debug */ = {
			isa = XCBuildConfiguration;
			baseConfigurationReference = 6079FEEC33F8145DDDA4A629 /* Pods-MySampleAppTests.debug.xcconfig */;
			buildSettings = {
				BUNDLE_LOADER = "$(TEST_HOST)";
				INFOPLIST_FILE = MySampleAppTests/Info.plist;
				LD_RUNPATH_SEARCH_PATHS = "$(inherited) @executable_path/Frameworks @loader_path/Frameworks";
				ENABLE_BITCODE = NO;
				PRODUCT_BUNDLE_IDENTIFIER = com.ibm.MySampleAppTests;
				PRODUCT_NAME = "$(TARGET_NAME)";
				SWIFT_VERSION = 3.0;
				TEST_HOST = "$(BUILT_PRODUCTS_DIR)/swiftmbaas.app/swiftmbaas";
			};
			name = Debug;
		};
		555C91D51D0F0731003E84E3 /* Release */ = {
			isa = XCBuildConfiguration;
			baseConfigurationReference = 0F10189F0EAC0D667CEB59F6 /* Pods-MySampleAppTests.release.xcconfig */;
			buildSettings = {
				BUNDLE_LOADER = "$(TEST_HOST)";
				INFOPLIST_FILE = MySampleAppTests/Info.plist;
				LD_RUNPATH_SEARCH_PATHS = "$(inherited) @executable_path/Frameworks @loader_path/Frameworks";
				ENABLE_BITCODE = NO;
				PRODUCT_BUNDLE_IDENTIFIER = com.ibm.MySampleAppTests;
				PRODUCT_NAME = "$(TARGET_NAME)";
				SWIFT_VERSION = 3.0;
				TEST_HOST = "$(BUILT_PRODUCTS_DIR)/swiftmbaas.app/swiftmbaas";
			};
			name = Release;
		};
		555C91D71D0F0731003E84E3 /* Debug */ = {
			isa = XCBuildConfiguration;
			baseConfigurationReference = 81F0A538FA2D46C0292F70E6 /* Pods-MySampleAppUITests.debug.xcconfig */;
			buildSettings = {
				INFOPLIST_FILE = MySampleAppUITests/Info.plist;
				LD_RUNPATH_SEARCH_PATHS = "$(inherited) @executable_path/Frameworks @loader_path/Frameworks";
				ENABLE_BITCODE = NO;
				PRODUCT_BUNDLE_IDENTIFIER = com.ibm.MySampleAppUITests;
				PRODUCT_NAME = "$(TARGET_NAME)";
				SWIFT_VERSION = 3.0;
				TEST_TARGET_NAME = MySampleApp;
			};
			name = Debug;
		};
		555C91D81D0F0731003E84E3 /* Release */ = {
			isa = XCBuildConfiguration;
			baseConfigurationReference = 9055531899FF137C2C228D44 /* Pods-MySampleAppUITests.release.xcconfig */;
			buildSettings = {
				INFOPLIST_FILE = MySampleAppUITests/Info.plist;
				LD_RUNPATH_SEARCH_PATHS = "$(inherited) @executable_path/Frameworks @loader_path/Frameworks";
				ENABLE_BITCODE = NO;
				PRODUCT_BUNDLE_IDENTIFIER = com.ibm.MySampleAppUITests;
				PRODUCT_NAME = "$(TARGET_NAME)";
				SWIFT_VERSION = 3.0;
				TEST_TARGET_NAME = MySampleApp;
			};
			name = Release;
		};
/* End XCBuildConfiguration section */

/* Begin XCConfigurationList section */
		555C91A31D0F0731003E84E3 /* Build configuration list for PBXProject "swiftmbaas" */ = {
			isa = XCConfigurationList;
			buildConfigurations = (
				555C91CE1D0F0731003E84E3 /* Debug */,
				555C91CF1D0F0731003E84E3 /* Release */,
			);
			defaultConfigurationIsVisible = 0;
			defaultConfigurationName = Release;
		};
		555C91D01D0F0731003E84E3 /* Build configuration list for PBXNativeTarget "swiftmbaas" */ = {
			isa = XCConfigurationList;
			buildConfigurations = (
				555C91D11D0F0731003E84E3 /* Debug */,
				555C91D21D0F0731003E84E3 /* Release */,
			);
			defaultConfigurationIsVisible = 0;
			defaultConfigurationName = Release;
		};
		555C91D31D0F0731003E84E3 /* Build configuration list for PBXNativeTarget "swiftmbaasTests" */ = {
			isa = XCConfigurationList;
			buildConfigurations = (
				555C91D41D0F0731003E84E3 /* Debug */,
				555C91D51D0F0731003E84E3 /* Release */,
			);
			defaultConfigurationIsVisible = 0;
			defaultConfigurationName = Release;
		};
		555C91D61D0F0731003E84E3 /* Build configuration list for PBXNativeTarget "swiftmbaasUITests" */ = {
			isa = XCConfigurationList;
			buildConfigurations = (
				555C91D71D0F0731003E84E3 /* Debug */,
				555C91D81D0F0731003E84E3 /* Release */,
			);
			defaultConfigurationIsVisible = 0;
			defaultConfigurationName = Release;
		};
/* End XCConfigurationList section */
	};
	rootObject = 555C91A01D0F0731003E84E3 /* Project object */;
}
